// !$*UTF8*$!
{
	archiveVersion = 1;
	classes = {
	};
	objectVersion = 56;
	objects = {

/* Begin PBXBuildFile section */
		663910292A5D93A200EEC08D /* MVVM in SwiftUI in Resources */ = {isa = PBXBuildFile; fileRef = 663910282A5D93A200EEC08D /* MVVM in SwiftUI */; };
		6639102B2A5D953100EEC08D /* CourseDetailsViewModel.swift in Sources */ = {isa = PBXBuildFile; fileRef = 6639102A2A5D953100EEC08D /* CourseDetailsViewModel.swift */; };
		6639102D2A5D95A500EEC08D /* CourseDetailsView.swift in Sources */ = {isa = PBXBuildFile; fileRef = 6639102C2A5D95A500EEC08D /* CourseDetailsView.swift */; };
		663910312A5D989B00EEC08D /* CourseImage.swift in Sources */ = {isa = PBXBuildFile; fileRef = 663910302A5D989B00EEC08D /* CourseImage.swift */; };
		663910332A5D9EBC00EEC08D /* DataManager.swift in Sources */ = {isa = PBXBuildFile; fileRef = 663910322A5D9EBC00EEC08D /* DataManager.swift */; };
		663910352A5DABFB00EEC08D /* RowView.swift in Sources */ = {isa = PBXBuildFile; fileRef = 663910342A5DABFB00EEC08D /* RowView.swift */; };
		66E043D32A5AF36D009969BA /* CourseList_MVVMApp.swift in Sources */ = {isa = PBXBuildFile; fileRef = 66E043D22A5AF36D009969BA /* CourseList_MVVMApp.swift */; };
		66E043D52A5AF36D009969BA /* CourseListView.swift in Sources */ = {isa = PBXBuildFile; fileRef = 66E043D42A5AF36D009969BA /* CourseListView.swift */; };
		66E043D72A5AF36D009969BA /* Assets.xcassets in Resources */ = {isa = PBXBuildFile; fileRef = 66E043D62A5AF36D009969BA /* Assets.xcassets */; };
		66E043DA2A5AF36D009969BA /* Preview Assets.xcassets in Resources */ = {isa = PBXBuildFile; fileRef = 66E043D92A5AF36D009969BA /* Preview Assets.xcassets */; };
		66E043E32A5AF8F5009969BA /* NetworkManager.swift in Sources */ = {isa = PBXBuildFile; fileRef = 66E043E22A5AF8F5009969BA /* NetworkManager.swift */; };
		66E043E62A5AFA71009969BA /* Course.swift in Sources */ = {isa = PBXBuildFile; fileRef = 66E043E52A5AFA71009969BA /* Course.swift */; };
		66E043E82A5B00B7009969BA /* CourseListViewModel.swift in Sources */ = {isa = PBXBuildFile; fileRef = 66E043E72A5B00B7009969BA /* CourseListViewModel.swift */; };
/* End PBXBuildFile section */

/* Begin PBXFileReference section */
		663910282A5D93A200EEC08D /* MVVM in SwiftUI */ = {isa = PBXFileReference; lastKnownFileType = text; path = "MVVM in SwiftUI"; sourceTree = "<group>"; };
		6639102A2A5D953100EEC08D /* CourseDetailsViewModel.swift */ = {isa = PBXFileReference; lastKnownFileType = sourcecode.swift; path = CourseDetailsViewModel.swift; sourceTree = "<group>"; };
		6639102C2A5D95A500EEC08D /* CourseDetailsView.swift */ = {isa = PBXFileReference; lastKnownFileType = sourcecode.swift; path = CourseDetailsView.swift; sourceTree = "<group>"; };
		663910302A5D989B00EEC08D /* CourseImage.swift */ = {isa = PBXFileReference; lastKnownFileType = sourcecode.swift; path = CourseImage.swift; sourceTree = "<group>"; };
		663910322A5D9EBC00EEC08D /* DataManager.swift */ = {isa = PBXFileReference; lastKnownFileType = sourcecode.swift; path = DataManager.swift; sourceTree = "<group>"; };
		663910342A5DABFB00EEC08D /* RowView.swift */ = {isa = PBXFileReference; lastKnownFileType = sourcecode.swift; path = RowView.swift; sourceTree = "<group>"; };
		66E043CF2A5AF36D009969BA /* CourseList-MVVM.app */ = {isa = PBXFileReference; explicitFileType = wrapper.application; includeInIndex = 0; path = "CourseList-MVVM.app"; sourceTree = BUILT_PRODUCTS_DIR; };
		66E043D22A5AF36D009969BA /* CourseList_MVVMApp.swift */ = {isa = PBXFileReference; lastKnownFileType = sourcecode.swift; path = CourseList_MVVMApp.swift; sourceTree = "<group>"; };
		66E043D42A5AF36D009969BA /* CourseListView.swift */ = {isa = PBXFileReference; lastKnownFileType = sourcecode.swift; path = CourseListView.swift; sourceTree = "<group>"; };
		66E043D62A5AF36D009969BA /* Assets.xcassets */ = {isa = PBXFileReference; lastKnownFileType = folder.assetcatalog; path = Assets.xcassets; sourceTree = "<group>"; };
		66E043D92A5AF36D009969BA /* Preview Assets.xcassets */ = {isa = PBXFileReference; lastKnownFileType = folder.assetcatalog; path = "Preview Assets.xcassets"; sourceTree = "<group>"; };
		66E043E22A5AF8F5009969BA /* NetworkManager.swift */ = {isa = PBXFileReference; lastKnownFileType = sourcecode.swift; path = NetworkManager.swift; sourceTree = "<group>"; };
		66E043E52A5AFA71009969BA /* Course.swift */ = {isa = PBXFileReference; lastKnownFileType = sourcecode.swift; path = Course.swift; sourceTree = "<group>"; };
		66E043E72A5B00B7009969BA /* CourseListViewModel.swift */ = {isa = PBXFileReference; lastKnownFileType = sourcecode.swift; path = CourseListViewModel.swift; sourceTree = "<group>"; };
/* End PBXFileReference section */

/* Begin PBXFrameworksBuildPhase section */
		66E043CC2A5AF36D009969BA /* Frameworks */ = {
			isa = PBXFrameworksBuildPhase;
			buildActionMask = 2147483647;
			files = (
			);
			runOnlyForDeploymentPostprocessing = 0;
		};
/* End PBXFrameworksBuildPhase section */

/* Begin PBXGroup section */
		6639102E2A5D981700EEC08D /* CourseListView */ = {
			isa = PBXGroup;
			children = (
				66E043D42A5AF36D009969BA /* CourseListView.swift */,
				66E043E72A5B00B7009969BA /* CourseListViewModel.swift */,
				663910342A5DABFB00EEC08D /* RowView.swift */,
			);
			path = CourseListView;
			sourceTree = "<group>";
		};
		6639102F2A5D982800EEC08D /* CourseDetails */ = {
			isa = PBXGroup;
			children = (
				6639102C2A5D95A500EEC08D /* CourseDetailsView.swift */,
				6639102A2A5D953100EEC08D /* CourseDetailsViewModel.swift */,
				663910302A5D989B00EEC08D /* CourseImage.swift */,
			);
			path = CourseDetails;
			sourceTree = "<group>";
		};
		66E043C62A5AF36D009969BA = {
			isa = PBXGroup;
			children = (
				66E043D12A5AF36D009969BA /* CourseList-MVVM */,
				66E043D02A5AF36D009969BA /* Products */,
			);
			sourceTree = "<group>";
		};
		66E043D02A5AF36D009969BA /* Products */ = {
			isa = PBXGroup;
			children = (
				66E043CF2A5AF36D009969BA /* CourseList-MVVM.app */,
			);
			name = Products;
			sourceTree = "<group>";
		};
		66E043D12A5AF36D009969BA /* CourseList-MVVM */ = {
			isa = PBXGroup;
			children = (
				66E043D22A5AF36D009969BA /* CourseList_MVVMApp.swift */,
				66E043E42A5AFA64009969BA /* Models */,
				6639102E2A5D981700EEC08D /* CourseListView */,
				6639102F2A5D982800EEC08D /* CourseDetails */,
				66E043E12A5AF8E4009969BA /* Services */,
				66E043D62A5AF36D009969BA /* Assets.xcassets */,
				66E043D82A5AF36D009969BA /* Preview Content */,
				663910282A5D93A200EEC08D /* MVVM in SwiftUI */,
			);
			path = "CourseList-MVVM";
			sourceTree = "<group>";
		};
		66E043D82A5AF36D009969BA /* Preview Content */ = {
			isa = PBXGroup;
			children = (
				66E043D92A5AF36D009969BA /* Preview Assets.xcassets */,
			);
			path = "Preview Content";
			sourceTree = "<group>";
		};
		66E043E12A5AF8E4009969BA /* Services */ = {
			isa = PBXGroup;
			children = (
				66E043E22A5AF8F5009969BA /* NetworkManager.swift */,
				663910322A5D9EBC00EEC08D /* DataManager.swift */,
			);
			path = Services;
			sourceTree = "<group>";
		};
		66E043E42A5AFA64009969BA /* Models */ = {
			isa = PBXGroup;
			children = (
				66E043E52A5AFA71009969BA /* Course.swift */,
			);
			path = Models;
			sourceTree = "<group>";
		};
/* End PBXGroup section */

/* Begin PBXNativeTarget section */
		66E043CE2A5AF36D009969BA /* CourseList-MVVM */ = {
			isa = PBXNativeTarget;
			buildConfigurationList = 66E043DD2A5AF36D009969BA /* Build configuration list for PBXNativeTarget "CourseList-MVVM" */;
			buildPhases = (
				66E043CB2A5AF36D009969BA /* Sources */,
				66E043CC2A5AF36D009969BA /* Frameworks */,
				66E043CD2A5AF36D009969BA /* Resources */,
			);
			buildRules = (
			);
			dependencies = (
			);
			name = "CourseList-MVVM";
			productName = "CourseList-MVVM";
			productReference = 66E043CF2A5AF36D009969BA /* CourseList-MVVM.app */;
			productType = "com.apple.product-type.application";
		};
/* End PBXNativeTarget section */

/* Begin PBXProject section */
		66E043C72A5AF36D009969BA /* Project object */ = {
			isa = PBXProject;
			attributes = {
				BuildIndependentTargetsInParallel = 1;
				LastSwiftUpdateCheck = 1430;
				LastUpgradeCheck = 1430;
				TargetAttributes = {
					66E043CE2A5AF36D009969BA = {
						CreatedOnToolsVersion = 14.3;
					};
				};
			};
			buildConfigurationList = 66E043CA2A5AF36D009969BA /* Build configuration list for PBXProject "CourseList-MVVM" */;
			compatibilityVersion = "Xcode 14.0";
			developmentRegion = en;
			hasScannedForEncodings = 0;
			knownRegions = (
				en,
				Base,
			);
			mainGroup = 66E043C62A5AF36D009969BA;
			productRefGroup = 66E043D02A5AF36D009969BA /* Products */;
			projectDirPath = "";
			projectRoot = "";
			targets = (
				66E043CE2A5AF36D009969BA /* CourseList-MVVM */,
			);
		};
/* End PBXProject section */

/* Begin PBXResourcesBuildPhase section */
		66E043CD2A5AF36D009969BA /* Resources */ = {
			isa = PBXResourcesBuildPhase;
			buildActionMask = 2147483647;
			files = (
				66E043DA2A5AF36D009969BA /* Preview Assets.xcassets in Resources */,
				663910292A5D93A200EEC08D /* MVVM in SwiftUI in Resources */,
				66E043D72A5AF36D009969BA /* Assets.xcassets in Resources */,
			);
			runOnlyForDeploymentPostprocessing = 0;
		};
/* End PBXResourcesBuildPhase section */

/* Begin PBXSourcesBuildPhase section */
		66E043CB2A5AF36D009969BA /* Sources */ = {
			isa = PBXSourcesBuildPhase;
			buildActionMask = 2147483647;
			files = (
				663910312A5D989B00EEC08D /* CourseImage.swift in Sources */,
				663910352A5DABFB00EEC08D /* RowView.swift in Sources */,
				66E043E62A5AFA71009969BA /* Course.swift in Sources */,
				66E043E82A5B00B7009969BA /* CourseListViewModel.swift in Sources */,
				6639102B2A5D953100EEC08D /* CourseDetailsViewModel.swift in Sources */,
				66E043E32A5AF8F5009969BA /* NetworkManager.swift in Sources */,
				6639102D2A5D95A500EEC08D /* CourseDetailsView.swift in Sources */,
				66E043D52A5AF36D009969BA /* CourseListView.swift in Sources */,
				663910332A5D9EBC00EEC08D /* DataManager.swift in Sources */,
				66E043D32A5AF36D009969BA /* CourseList_MVVMApp.swift in Sources */,
			);
			runOnlyForDeploymentPostprocessing = 0;
		};
/* End PBXSourcesBuildPhase section */

/* Begin XCBuildConfiguration section */
		66E043DB2A5AF36D009969BA /* Debug */ = {
			isa = XCBuildConfiguration;
			buildSettings = {
				ALWAYS_SEARCH_USER_PATHS = NO;
				CLANG_ANALYZER_NONNULL = YES;
				CLANG_ANALYZER_NUMBER_OBJECT_CONVERSION = YES_AGGRESSIVE;
				CLANG_CXX_LANGUAGE_STANDARD = "gnu++20";
				CLANG_ENABLE_MODULES = YES;
				CLANG_ENABLE_OBJC_ARC = YES;
				CLANG_ENABLE_OBJC_WEAK = YES;
				CLANG_WARN_BLOCK_CAPTURE_AUTORELEASING = YES;
				CLANG_WARN_BOOL_CONVERSION = YES;
				CLANG_WARN_COMMA = YES;
				CLANG_WARN_CONSTANT_CONVERSION = YES;
				CLANG_WARN_DEPRECATED_OBJC_IMPLEMENTATIONS = YES;
				CLANG_WARN_DIRECT_OBJC_ISA_USAGE = YES_ERROR;
				CLANG_WARN_DOCUMENTATION_COMMENTS = YES;
				CLANG_WARN_EMPTY_BODY = YES;
				CLANG_WARN_ENUM_CONVERSION = YES;
				CLANG_WARN_INFINITE_RECURSION = YES;
				CLANG_WARN_INT_CONVERSION = YES;
				CLANG_WARN_NON_LITERAL_NULL_CONVERSION = YES;
				CLANG_WARN_OBJC_IMPLICIT_RETAIN_SELF = YES;
				CLANG_WARN_OBJC_LITERAL_CONVERSION = YES;
				CLANG_WARN_OBJC_ROOT_CLASS = YES_ERROR;
				CLANG_WARN_QUOTED_INCLUDE_IN_FRAMEWORK_HEADER = YES;
				CLANG_WARN_RANGE_LOOP_ANALYSIS = YES;
				CLANG_WARN_STRICT_PROTOTYPES = YES;
				CLANG_WARN_SUSPICIOUS_MOVE = YES;
				CLANG_WARN_UNGUARDED_AVAILABILITY = YES_AGGRESSIVE;
				CLANG_WARN_UNREACHABLE_CODE = YES;
				CLANG_WARN__DUPLICATE_METHOD_MATCH = YES;
				COPY_PHASE_STRIP = NO;
				DEBUG_INFORMATION_FORMAT = dwarf;
				ENABLE_STRICT_OBJC_MSGSEND = YES;
				ENABLE_TESTABILITY = YES;
				GCC_C_LANGUAGE_STANDARD = gnu11;
				GCC_DYNAMIC_NO_PIC = NO;
				GCC_NO_COMMON_BLOCKS = YES;
				GCC_OPTIMIZATION_LEVEL = 0;
				GCC_PREPROCESSOR_DEFINITIONS = (
					"DEBUG=1",
					"$(inherited)",
				);
				GCC_WARN_64_TO_32_BIT_CONVERSION = YES;
				GCC_WARN_ABOUT_RETURN_TYPE = YES_ERROR;
				GCC_WARN_UNDECLARED_SELECTOR = YES;
				GCC_WARN_UNINITIALIZED_AUTOS = YES_AGGRESSIVE;
				GCC_WARN_UNUSED_FUNCTION = YES;
				GCC_WARN_UNUSED_VARIABLE = YES;
				IPHONEOS_DEPLOYMENT_TARGET = 16.4;
				MTL_ENABLE_DEBUG_INFO = INCLUDE_SOURCE;
				MTL_FAST_MATH = YES;
				ONLY_ACTIVE_ARCH = YES;
				SDKROOT = iphoneos;
				SWIFT_ACTIVE_COMPILATION_CONDITIONS = DEBUG;
				SWIFT_OPTIMIZATION_LEVEL = "-Onone";
			};
			name = Debug;
		};
		66E043DC2A5AF36D009969BA /* Release */ = {
			isa = XCBuildConfiguration;
			buildSettings = {
				ALWAYS_SEARCH_USER_PATHS = NO;
				CLANG_ANALYZER_NONNULL = YES;
				CLANG_ANALYZER_NUMBER_OBJECT_CONVERSION = YES_AGGRESSIVE;
				CLANG_CXX_LANGUAGE_STANDARD = "gnu++20";
				CLANG_ENABLE_MODULES = YES;
				CLANG_ENABLE_OBJC_ARC = YES;
				CLANG_ENABLE_OBJC_WEAK = YES;
				CLANG_WARN_BLOCK_CAPTURE_AUTORELEASING = YES;
				CLANG_WARN_BOOL_CONVERSION = YES;
				CLANG_WARN_COMMA = YES;
				CLANG_WARN_CONSTANT_CONVERSION = YES;
				CLANG_WARN_DEPRECATED_OBJC_IMPLEMENTATIONS = YES;
				CLANG_WARN_DIRECT_OBJC_ISA_USAGE = YES_ERROR;
				CLANG_WARN_DOCUMENTATION_COMMENTS = YES;
				CLANG_WARN_EMPTY_BODY = YES;
				CLANG_WARN_ENUM_CONVERSION = YES;
				CLANG_WARN_INFINITE_RECURSION = YES;
				CLANG_WARN_INT_CONVERSION = YES;
				CLANG_WARN_NON_LITERAL_NULL_CONVERSION = YES;
				CLANG_WARN_OBJC_IMPLICIT_RETAIN_SELF = YES;
				CLANG_WARN_OBJC_LITERAL_CONVERSION = YES;
				CLANG_WARN_OBJC_ROOT_CLASS = YES_ERROR;
				CLANG_WARN_QUOTED_INCLUDE_IN_FRAMEWORK_HEADER = YES;
				CLANG_WARN_RANGE_LOOP_ANALYSIS = YES;
				CLANG_WARN_STRICT_PROTOTYPES = YES;
				CLANG_WARN_SUSPICIOUS_MOVE = YES;
				CLANG_WARN_UNGUARDED_AVAILABILITY = YES_AGGRESSIVE;
				CLANG_WARN_UNREACHABLE_CODE = YES;
				CLANG_WARN__DUPLICATE_METHOD_MATCH = YES;
				COPY_PHASE_STRIP = NO;
				DEBUG_INFORMATION_FORMAT = "dwarf-with-dsym";
				ENABLE_NS_ASSERTIONS = NO;
				ENABLE_STRICT_OBJC_MSGSEND = YES;
				GCC_C_LANGUAGE_STANDARD = gnu11;
				GCC_NO_COMMON_BLOCKS = YES;
				GCC_WARN_64_TO_32_BIT_CONVERSION = YES;
				GCC_WARN_ABOUT_RETURN_TYPE = YES_ERROR;
				GCC_WARN_UNDECLARED_SELECTOR = YES;
				GCC_WARN_UNINITIALIZED_AUTOS = YES_AGGRESSIVE;
				GCC_WARN_UNUSED_FUNCTION = YES;
				GCC_WARN_UNUSED_VARIABLE = YES;
				IPHONEOS_DEPLOYMENT_TARGET = 16.4;
				MTL_ENABLE_DEBUG_INFO = NO;
				MTL_FAST_MATH = YES;
				SDKROOT = iphoneos;
				SWIFT_COMPILATION_MODE = wholemodule;
				SWIFT_OPTIMIZATION_LEVEL = "-O";
				VALIDATE_PRODUCT = YES;
			};
			name = Release;
		};
		66E043DE2A5AF36D009969BA /* Debug */ = {
			isa = XCBuildConfiguration;
			buildSettings = {
				ASSETCATALOG_COMPILER_APPICON_NAME = AppIcon;
				ASSETCATALOG_COMPILER_GLOBAL_ACCENT_COLOR_NAME = AccentColor;
				CODE_SIGN_STYLE = Automatic;
				CURRENT_PROJECT_VERSION = 1;
				DEVELOPMENT_ASSET_PATHS = "\"CourseList-MVVM/Preview Content\"";
				ENABLE_PREVIEWS = YES;
				GENERATE_INFOPLIST_FILE = YES;
				INFOPLIST_KEY_UIApplicationSceneManifest_Generation = YES;
				INFOPLIST_KEY_UIApplicationSupportsIndirectInputEvents = YES;
				INFOPLIST_KEY_UILaunchScreen_Generation = YES;
				INFOPLIST_KEY_UISupportedInterfaceOrientations = UIInterfaceOrientationPortrait;
				INFOPLIST_KEY_UISupportedInterfaceOrientations_iPad = "UIInterfaceOrientationLandscapeLeft UIInterfaceOrientationLandscapeRight UIInterfaceOrientationPortrait UIInterfaceOrientationPortraitUpsideDown";
				LD_RUNPATH_SEARCH_PATHS = (
					"$(inherited)",
					"@executable_path/Frameworks",
				);
				MARKETING_VERSION = 1.0;
				PRODUCT_BUNDLE_IDENTIFIER = "ru.CourseList-MVVM";
				PRODUCT_NAME = "$(TARGET_NAME)";
				SUPPORTED_PLATFORMS = "iphoneos iphonesimulator";
				SUPPORTS_MACCATALYST = NO;
				SUPPORTS_MAC_DESIGNED_FOR_IPHONE_IPAD = NO;
				SWIFT_EMIT_LOC_STRINGS = YES;
				SWIFT_VERSION = 5.0;
				TARGETED_DEVICE_FAMILY = 1;
			};
			name = Debug;
		};
		66E043DF2A5AF36D009969BA /* Release */ = {
			isa = XCBuildConfiguration;
			buildSettings = {
				ASSETCATALOG_COMPILER_APPICON_NAME = AppIcon;
				ASSETCATALOG_COMPILER_GLOBAL_ACCENT_COLOR_NAME = AccentColor;
				CODE_SIGN_STYLE = Automatic;
				CURRENT_PROJECT_VERSION = 1;
				DEVELOPMENT_ASSET_PATHS = "\"CourseList-MVVM/Preview Content\"";
				ENABLE_PREVIEWS = YES;
				GENERATE_INFOPLIST_FILE = YES;
				INFOPLIST_KEY_UIApplicationSceneManifest_Generation = YES;
				INFOPLIST_KEY_UIApplicationSupportsIndirectInputEvents = YES;
				INFOPLIST_KEY_UILaunchScreen_Generation = YES;
				INFOPLIST_KEY_UISupportedInterfaceOrientations = UIInterfaceOrientationPortrait;
				INFOPLIST_KEY_UISupportedInterfaceOrientations_iPad = "UIInterfaceOrientationLandscapeLeft UIInterfaceOrientationLandscapeRight UIInterfaceOrientationPortrait UIInterfaceOrientationPortraitUpsideDown";
				LD_RUNPATH_SEARCH_PATHS = (
					"$(inherited)",
					"@executable_path/Frameworks",
				);
				MARKETING_VERSION = 1.0;
				PRODUCT_BUNDLE_IDENTIFIER = "ru.CourseList-MVVM";
				PRODUCT_NAME = "$(TARGET_NAME)";
				SUPPORTED_PLATFORMS = "iphoneos iphonesimulator";
				SUPPORTS_MACCATALYST = NO;
				SUPPORTS_MAC_DESIGNED_FOR_IPHONE_IPAD = NO;
				SWIFT_EMIT_LOC_STRINGS = YES;
				SWIFT_VERSION = 5.0;
				TARGETED_DEVICE_FAMILY = 1;
			};
			name = Release;
		};
/* End XCBuildConfiguration section */

/* Begin XCConfigurationList section */
		66E043CA2A5AF36D009969BA /* Build configuration list for PBXProject "CourseList-MVVM" */ = {
			isa = XCConfigurationList;
			buildConfigurations = (
				66E043DB2A5AF36D009969BA /* Debug */,
				66E043DC2A5AF36D009969BA /* Release */,
			);
			defaultConfigurationIsVisible = 0;
			defaultConfigurationName = Release;
		};
		66E043DD2A5AF36D009969BA /* Build configuration list for PBXNativeTarget "CourseList-MVVM" */ = {
			isa = XCConfigurationList;
			buildConfigurations = (
				66E043DE2A5AF36D009969BA /* Debug */,
				66E043DF2A5AF36D009969BA /* Release */,
			);
			defaultConfigurationIsVisible = 0;
			defaultConfigurationName = Release;
		};
/* End XCConfigurationList section */
	};
	rootObject = 66E043C72A5AF36D009969BA /* Project object */;
}
